
Microsoft Visual Studio Solution File, Format Version 12.00
Project("{FAE04EC0-301F-11D3-BF4B-00C04F79EFBC}") = "Seeder", "src\Seeder\Seeder.csproj", "{CDE4ABE9-9BBB-4F9E-B361-6FBA07E268FC}"
EndProject
Project("{2150E333-8FDC-42A3-9474-1A3956D46DE8}") = "src", "src", "{D1F59648-916B-4D71-A56D-CE5F8E954A99}"
EndProject
Project("{FAE04EC0-301F-11D3-BF4B-00C04F79EFBC}") = "Common", "src\Common\Common.csproj", "{430B656C-BA5D-4314-A96A-A03A6CAC1CFF}"
EndProject
Project("{2150E333-8FDC-42A3-9474-1A3956D46DE8}") = "infra", "infra", "{0525AE5F-58A8-4A50-B24F-831C77619D77}"
	ProjectSection(SolutionItems) = preProject
		infra\docker-compose.yml = infra\docker-compose.yml
	EndProjectSection
EndProject
Project("{FAE04EC0-301F-11D3-BF4B-00C04F79EFBC}") = "WebApi", "src\WebApi\WebApi.csproj", "{E724C466-D459-4E31-844A-90F2498CA364}"
EndProject
Project("{FAE04EC0-301F-11D3-BF4B-00C04F79EFBC}") = "BlazorFrontend", "src\BlazorFrontend\BlazorFrontend.csproj", "{A2184202-D148-45CA-8D8A-56950CF57813}"
EndProject
Global
	GlobalSection(SolutionConfigurationPlatforms) = preSolution
		Debug|Any CPU = Debug|Any CPU
		Release|Any CPU = Release|Any CPU
	EndGlobalSection
	GlobalSection(ProjectConfigurationPlatforms) = postSolution
		{CDE4ABE9-9BBB-4F9E-B361-6FBA07E268FC}.Debug|Any CPU.ActiveCfg = Debug|Any CPU
		{CDE4ABE9-9BBB-4F9E-B361-6FBA07E268FC}.Debug|Any CPU.Build.0 = Debug|Any CPU
		{CDE4ABE9-9BBB-4F9E-B361-6FBA07E268FC}.Release|Any CPU.ActiveCfg = Release|Any CPU
		{CDE4ABE9-9BBB-4F9E-B361-6FBA07E268FC}.Release|Any CPU.Build.0 = Release|Any CPU
		{430B656C-BA5D-4314-A96A-A03A6CAC1CFF}.Debug|Any CPU.ActiveCfg = Debug|Any CPU
		{430B656C-BA5D-4314-A96A-A03A6CAC1CFF}.Debug|Any CPU.Build.0 = Debug|Any CPU
		{430B656C-BA5D-4314-A96A-A03A6CAC1CFF}.Release|Any CPU.ActiveCfg = Release|Any CPU
		{430B656C-BA5D-4314-A96A-A03A6CAC1CFF}.Release|Any CPU.Build.0 = Release|Any CPU
		{E724C466-D459-4E31-844A-90F2498CA364}.Debug|Any CPU.ActiveCfg = Debug|Any CPU
		{E724C466-D459-4E31-844A-90F2498CA364}.Debug|Any CPU.Build.0 = Debug|Any CPU
		{E724C466-D459-4E31-844A-90F2498CA364}.Release|Any CPU.ActiveCfg = Release|Any CPU
		{E724C466-D459-4E31-844A-90F2498CA364}.Release|Any CPU.Build.0 = Release|Any CPU
		{A2184202-D148-45CA-8D8A-56950CF57813}.Debug|Any CPU.ActiveCfg = Debug|Any CPU
		{A2184202-D148-45CA-8D8A-56950CF57813}.Debug|Any CPU.Build.0 = Debug|Any CPU
		{A2184202-D148-45CA-8D8A-56950CF57813}.Release|Any CPU.ActiveCfg = Release|Any CPU
		{A2184202-D148-45CA-8D8A-56950CF57813}.Release|Any CPU.Build.0 = Release|Any CPU
	EndGlobalSection
	GlobalSection(NestedProjects) = preSolution
		{CDE4ABE9-9BBB-4F9E-B361-6FBA07E268FC} = {D1F59648-916B-4D71-A56D-CE5F8E954A99}
		{430B656C-BA5D-4314-A96A-A03A6CAC1CFF} = {D1F59648-916B-4D71-A56D-CE5F8E954A99}
		{E724C466-D459-4E31-844A-90F2498CA364} = {D1F59648-916B-4D71-A56D-CE5F8E954A99}
		{A2184202-D148-45CA-8D8A-56950CF57813} = {D1F59648-916B-4D71-A56D-CE5F8E954A99}
	EndGlobalSection
EndGlobal
